
Microsoft Visual Studio Solution File, Format Version 12.00
# Visual Studio Version 17
VisualStudioVersion = 17.5.002.0
MinimumVisualStudioVersion = 10.0.40219.1
Project("{9A19103F-16F7-4668-BE54-9A1E7A4F7556}") = "methodTanimlama", "methodTanimlama.csproj", "{1058495D-D6B9-4C25-801B-89C1B65AA9DB}"
EndProject
Global
	GlobalSection(SolutionConfigurationPlatforms) = preSolution
		Debug|Any CPU = Debug|Any CPU
		Release|Any CPU = Release|Any CPU
	EndGlobalSection
	GlobalSection(ProjectConfigurationPlatforms) = postSolution
		{1058495D-D6B9-4C25-801B-89C1B65AA9DB}.Debug|Any CPU.ActiveCfg = Debug|Any CPU
		{1058495D-D6B9-4C25-801B-89C1B65AA9DB}.Debug|Any CPU.Build.0 = Debug|Any CPU
		{1058495D-D6B9-4C25-801B-89C1B65AA9DB}.Release|Any CPU.ActiveCfg = Release|Any CPU
		{1058495D-D6B9-4C25-801B-89C1B65AA9DB}.Release|Any CPU.Build.0 = Release|Any CPU
	EndGlobalSection
	GlobalSection(SolutionProperties) = preSolution
		HideSolutionNode = FALSE
	EndGlobalSection
	GlobalSection(ExtensibilityGlobals) = postSolution
		SolutionGuid = {8B08BDC3-1C6C-4DF7-9DB9-FD1461DF3B55}
	EndGlobalSection
EndGlobal
